
Microsoft Visual Studio Solution File, Format Version 12.00
# Visual Studio Version 16
VisualStudioVersion = 16.0.30114.105
MinimumVisualStudioVersion = 10.0.40219.1
Project("{FAE04EC0-301F-11D3-BF4B-00C04F79EFBC}") = "MyMath", "MyMath\MyMath.csproj", "{FC21EB6C-6C68-433A-8ACF-C4A8679F76F8}"
EndProject
Project("{FAE04EC0-301F-11D3-BF4B-00C04F79EFBC}") = "MyMath.Tests", "MyMath.Tests\MyMath.Tests.csproj", "{11EC9FC8-E29C-4890-BB5F-B62CBE0AA5CA}"
EndProject
Global
	GlobalSection(SolutionConfigurationPlatforms) = preSolution
		Debug|Any CPU = Debug|Any CPU
		Debug|x64 = Debug|x64
		Debug|x86 = Debug|x86
		Release|Any CPU = Release|Any CPU
		Release|x64 = Release|x64
		Release|x86 = Release|x86
	EndGlobalSection
	GlobalSection(SolutionProperties) = preSolution
		HideSolutionNode = FALSE
	EndGlobalSection
	GlobalSection(ProjectConfigurationPlatforms) = postSolution
		{FC21EB6C-6C68-433A-8ACF-C4A8679F76F8}.Debug|Any CPU.ActiveCfg = Debug|Any CPU
		{FC21EB6C-6C68-433A-8ACF-C4A8679F76F8}.Debug|Any CPU.Build.0 = Debug|Any CPU
		{FC21EB6C-6C68-433A-8ACF-C4A8679F76F8}.Debug|x64.ActiveCfg = Debug|Any CPU
		{FC21EB6C-6C68-433A-8ACF-C4A8679F76F8}.Debug|x64.Build.0 = Debug|Any CPU
		{FC21EB6C-6C68-433A-8ACF-C4A8679F76F8}.Debug|x86.ActiveCfg = Debug|Any CPU
		{FC21EB6C-6C68-433A-8ACF-C4A8679F76F8}.Debug|x86.Build.0 = Debug|Any CPU
		{FC21EB6C-6C68-433A-8ACF-C4A8679F76F8}.Release|Any CPU.ActiveCfg = Release|Any CPU
		{FC21EB6C-6C68-433A-8ACF-C4A8679F76F8}.Release|Any CPU.Build.0 = Release|Any CPU
		{FC21EB6C-6C68-433A-8ACF-C4A8679F76F8}.Release|x64.ActiveCfg = Release|Any CPU
		{FC21EB6C-6C68-433A-8ACF-C4A8679F76F8}.Release|x64.Build.0 = Release|Any CPU
		{FC21EB6C-6C68-433A-8ACF-C4A8679F76F8}.Release|x86.ActiveCfg = Release|Any CPU
		{FC21EB6C-6C68-433A-8ACF-C4A8679F76F8}.Release|x86.Build.0 = Release|Any CPU
		{11EC9FC8-E29C-4890-BB5F-B62CBE0AA5CA}.Debug|Any CPU.ActiveCfg = Debug|Any CPU
		{11EC9FC8-E29C-4890-BB5F-B62CBE0AA5CA}.Debug|Any CPU.Build.0 = Debug|Any CPU
		{11EC9FC8-E29C-4890-BB5F-B62CBE0AA5CA}.Debug|x64.ActiveCfg = Debug|Any CPU
		{11EC9FC8-E29C-4890-BB5F-B62CBE0AA5CA}.Debug|x64.Build.0 = Debug|Any CPU
		{11EC9FC8-E29C-4890-BB5F-B62CBE0AA5CA}.Debug|x86.ActiveCfg = Debug|Any CPU
		{11EC9FC8-E29C-4890-BB5F-B62CBE0AA5CA}.Debug|x86.Build.0 = Debug|Any CPU
		{11EC9FC8-E29C-4890-BB5F-B62CBE0AA5CA}.Release|Any CPU.ActiveCfg = Release|Any CPU
		{11EC9FC8-E29C-4890-BB5F-B62CBE0AA5CA}.Release|Any CPU.Build.0 = Release|Any CPU
		{11EC9FC8-E29C-4890-BB5F-B62CBE0AA5CA}.Release|x64.ActiveCfg = Release|Any CPU
		{11EC9FC8-E29C-4890-BB5F-B62CBE0AA5CA}.Release|x64.Build.0 = Release|Any CPU
		{11EC9FC8-E29C-4890-BB5F-B62CBE0AA5CA}.Release|x86.ActiveCfg = Release|Any CPU
		{11EC9FC8-E29C-4890-BB5F-B62CBE0AA5CA}.Release|x86.Build.0 = Release|Any CPU
	EndGlobalSection
EndGlobal
